
Microsoft Visual Studio Solution File, Format Version 12.00
# Visual Studio Version 16
VisualStudioVersion = 16.0.30309.148
MinimumVisualStudioVersion = 10.0.40219.1
Project("{FAE04EC0-301F-11D3-BF4B-00C04F79EFBC}") = "poker.exe.2.0", "poker.exe.2.0\poker.exe.2.0.csproj", "{A21C774E-D9DB-4CB4-9BCE-C8CA23B4EC3A}"
EndProject
Global
	GlobalSection(SolutionConfigurationPlatforms) = preSolution
		Debug|Any CPU = Debug|Any CPU
		Release|Any CPU = Release|Any CPU
	EndGlobalSection
	GlobalSection(ProjectConfigurationPlatforms) = postSolution
		{A21C774E-D9DB-4CB4-9BCE-C8CA23B4EC3A}.Debug|Any CPU.ActiveCfg = Debug|Any CPU
		{A21C774E-D9DB-4CB4-9BCE-C8CA23B4EC3A}.Debug|Any CPU.Build.0 = Debug|Any CPU
		{A21C774E-D9DB-4CB4-9BCE-C8CA23B4EC3A}.Release|Any CPU.ActiveCfg = Release|Any CPU
		{A21C774E-D9DB-4CB4-9BCE-C8CA23B4EC3A}.Release|Any CPU.Build.0 = Release|Any CPU
	EndGlobalSection
	GlobalSection(SolutionProperties) = preSolution
		HideSolutionNode = FALSE
	EndGlobalSection
	GlobalSection(ExtensibilityGlobals) = postSolution
		SolutionGuid = {25A9A310-96F5-412D-80A8-A50EBC5AEBD3}
	EndGlobalSection
EndGlobal
